
Microsoft Visual Studio Solution File, Format Version 12.00
# Visual Studio 14
VisualStudioVersion = 14.0.23107.0
MinimumVisualStudioVersion = 10.0.40219.1
Project("{D954291E-2A0B-460D-934E-DC6B0785DB48}") = "LoveMatchXamarin", "HelloForms\LoveMatchXamarin.shproj", "{B00E154D-1F3A-4AC5-B7AE-ADE41F22E063}"
EndProject
Project("{FAE04EC0-301F-11D3-BF4B-00C04F79EFBC}") = "LoveMatchXamarin.Droid", "Droid\LoveMatchXamarin.Droid.csproj", "{7FB3CB06-6FB8-4F86-B903-646A5DE4BF74}"
EndProject
Project("{FAE04EC0-301F-11D3-BF4B-00C04F79EFBC}") = "LoveMatchXamarin.UITests", "UITests\LoveMatchXamarin.UITests.csproj", "{9D477F4E-0E90-4005-B721-B5DFEB3862C8}"
EndProject
Global
	GlobalSection(SharedMSBuildProjectFiles) = preSolution
		HelloForms\HelloForms.projitems*{b00e154d-1f3a-4ac5-b7ae-ade41f22e063}*SharedItemsImports = 13
		HelloForms\HelloForms.projitems*{7fb3cb06-6fb8-4f86-b903-646a5de4bf74}*SharedItemsImports = 4
	EndGlobalSection
	GlobalSection(SolutionConfigurationPlatforms) = preSolution
		Debug|Any CPU = Debug|Any CPU
		Release|Any CPU = Release|Any CPU
	EndGlobalSection
	GlobalSection(ProjectConfigurationPlatforms) = postSolution
		{7FB3CB06-6FB8-4F86-B903-646A5DE4BF74}.Debug|Any CPU.ActiveCfg = Debug|Any CPU
		{7FB3CB06-6FB8-4F86-B903-646A5DE4BF74}.Debug|Any CPU.Build.0 = Debug|Any CPU
		{7FB3CB06-6FB8-4F86-B903-646A5DE4BF74}.Release|Any CPU.ActiveCfg = Release|Any CPU
		{7FB3CB06-6FB8-4F86-B903-646A5DE4BF74}.Release|Any CPU.Build.0 = Release|Any CPU
		{9D477F4E-0E90-4005-B721-B5DFEB3862C8}.Debug|Any CPU.ActiveCfg = Debug|Any CPU
		{9D477F4E-0E90-4005-B721-B5DFEB3862C8}.Debug|Any CPU.Build.0 = Debug|Any CPU
		{9D477F4E-0E90-4005-B721-B5DFEB3862C8}.Release|Any CPU.ActiveCfg = Release|Any CPU
		{9D477F4E-0E90-4005-B721-B5DFEB3862C8}.Release|Any CPU.Build.0 = Release|Any CPU
	EndGlobalSection
	GlobalSection(SolutionProperties) = preSolution
		HideSolutionNode = FALSE
	EndGlobalSection
EndGlobal
